// !$*UTF8*$!
{
	archiveVersion = 1;
	classes = {
	};
	objectVersion = 46;
	objects = {

/* Begin PBXBuildFile section */
		0F547C5E1D13857600D8D283 /* main.m in Sources */ = {isa = PBXBuildFile; fileRef = 0F547C5D1D13857600D8D283 /* main.m */; };
		0F547C611D13857600D8D283 /* AppDelegate.m in Sources */ = {isa = PBXBuildFile; fileRef = 0F547C601D13857600D8D283 /* AppDelegate.m */; };
		0F547C671D13857600D8D283 /* Main.storyboard in Resources */ = {isa = PBXBuildFile; fileRef = 0F547C651D13857600D8D283 /* Main.storyboard */; };
		0F547C691D13857600D8D283 /* Assets.xcassets in Resources */ = {isa = PBXBuildFile; fileRef = 0F547C681D13857600D8D283 /* Assets.xcassets */; };
		0F547C6C1D13857600D8D283 /* LaunchScreen.storyboard in Resources */ = {isa = PBXBuildFile; fileRef = 0F547C6A1D13857600D8D283 /* LaunchScreen.storyboard */; };
		0F547C771D13857600D8D283 /* AFNTests.m in Sources */ = {isa = PBXBuildFile; fileRef = 0F547C761D13857600D8D283 /* AFNTests.m */; };
		0F547C821D13857600D8D283 /* AFNUITests.m in Sources */ = {isa = PBXBuildFile; fileRef = 0F547C811D13857600D8D283 /* AFNUITests.m */; };
		0F547C911D1387C200D8D283 /* AFNHelper.m in Sources */ = {isa = PBXBuildFile; fileRef = 0F547C901D1387C200D8D283 /* AFNHelper.m */; };
		0F547CD31D13907200D8D283 /* TableViewController.m in Sources */ = {isa = PBXBuildFile; fileRef = 0F547CD21D13907200D8D283 /* TableViewController.m */; };
		7418AFB517C51B70A7C8C9FA /* libPods.a in Frameworks */ = {isa = PBXBuildFile; fileRef = 1185AB2BA5C93C214BE6F973 /* libPods.a */; };
/* End PBXBuildFile section */

/* Begin PBXContainerItemProxy section */
		0F547C731D13857600D8D283 /* PBXContainerItemProxy */ = {
			isa = PBXContainerItemProxy;
			containerPortal = 0F547C511D13857600D8D283 /* Project object */;
			proxyType = 1;
			remoteGlobalIDString = 0F547C581D13857600D8D283;
			remoteInfo = AFN;
		};
		0F547C7E1D13857600D8D283 /* PBXContainerItemProxy */ = {
			isa = PBXContainerItemProxy;
			containerPortal = 0F547C511D13857600D8D283 /* Project object */;
			proxyType = 1;
			remoteGlobalIDString = 0F547C581D13857600D8D283;
			remoteInfo = AFN;
		};
/* End PBXContainerItemProxy section */

/* Begin PBXFileReference section */
		0F547C591D13857600D8D283 /* AFN.app */ = {isa = PBXFileReference; explicitFileType = wrapper.application; includeInIndex = 0; path = AFN.app; sourceTree = BUILT_PRODUCTS_DIR; };
		0F547C5D1D13857600D8D283 /* main.m */ = {isa = PBXFileReference; lastKnownFileType = sourcecode.c.objc; path = main.m; sourceTree = "<group>"; };
		0F547C5F1D13857600D8D283 /* AppDelegate.h */ = {isa = PBXFileReference; lastKnownFileType = sourcecode.c.h; path = AppDelegate.h; sourceTree = "<group>"; };
		0F547C601D13857600D8D283 /* AppDelegate.m */ = {isa = PBXFileReference; lastKnownFileType = sourcecode.c.objc; path = AppDelegate.m; sourceTree = "<group>"; };
		0F547C661D13857600D8D283 /* Base */ = {isa = PBXFileReference; lastKnownFileType = file.storyboard; name = Base; path = Base.lproj/Main.storyboard; sourceTree = "<group>"; };
		0F547C681D13857600D8D283 /* Assets.xcassets */ = {isa = PBXFileReference; lastKnownFileType = folder.assetcatalog; path = Assets.xcassets; sourceTree = "<group>"; };
		0F547C6B1D13857600D8D283 /* Base */ = {isa = PBXFileReference; lastKnownFileType = file.storyboard; name = Base; path = Base.lproj/LaunchScreen.storyboard; sourceTree = "<group>"; };
		0F547C6D1D13857600D8D283 /* Info.plist */ = {isa = PBXFileReference; lastKnownFileType = text.plist.xml; path = Info.plist; sourceTree = "<group>"; };
		0F547C721D13857600D8D283 /* AFNTests.xctest */ = {isa = PBXFileReference; explicitFileType = wrapper.cfbundle; includeInIndex = 0; path = AFNTests.xctest; sourceTree = BUILT_PRODUCTS_DIR; };
		0F547C761D13857600D8D283 /* AFNTests.m */ = {isa = PBXFileReference; lastKnownFileType = sourcecode.c.objc; path = AFNTests.m; sourceTree = "<group>"; };
		0F547C781D13857600D8D283 /* Info.plist */ = {isa = PBXFileReference; lastKnownFileType = text.plist.xml; path = Info.plist; sourceTree = "<group>"; };
		0F547C7D1D13857600D8D283 /* AFNUITests.xctest */ = {isa = PBXFileReference; explicitFileType = wrapper.cfbundle; includeInIndex = 0; path = AFNUITests.xctest; sourceTree = BUILT_PRODUCTS_DIR; };
		0F547C811D13857600D8D283 /* AFNUITests.m */ = {isa = PBXFileReference; lastKnownFileType = sourcecode.c.objc; path = AFNUITests.m; sourceTree = "<group>"; };
		0F547C831D13857600D8D283 /* Info.plist */ = {isa = PBXFileReference; lastKnownFileType = text.plist.xml; path = Info.plist; sourceTree = "<group>"; };
		0F547C8F1D1387C200D8D283 /* AFNHelper.h */ = {isa = PBXFileReference; fileEncoding = 4; lastKnownFileType = sourcecode.c.h; path = AFNHelper.h; sourceTree = "<group>"; };
		0F547C901D1387C200D8D283 /* AFNHelper.m */ = {isa = PBXFileReference; fileEncoding = 4; lastKnownFileType = sourcecode.c.objc; path = AFNHelper.m; sourceTree = "<group>"; };
		0F547CD11D13907200D8D283 /* TableViewController.h */ = {isa = PBXFileReference; fileEncoding = 4; lastKnownFileType = sourcecode.c.h; path = TableViewController.h; sourceTree = "<group>"; };
		0F547CD21D13907200D8D283 /* TableViewController.m */ = {isa = PBXFileReference; fileEncoding = 4; lastKnownFileType = sourcecode.c.objc; path = TableViewController.m; sourceTree = "<group>"; };
		0FC21BC001A9714381AD32FD /* Pods.release.xcconfig */ = {isa = PBXFileReference; includeInIndex = 1; lastKnownFileType = text.xcconfig; name = Pods.release.xcconfig; path = "Pods/Target Support Files/Pods/Pods.release.xcconfig"; sourceTree = "<group>"; };
		1185AB2BA5C93C214BE6F973 /* libPods.a */ = {isa = PBXFileReference; explicitFileType = archive.ar; includeInIndex = 0; path = libPods.a; sourceTree = BUILT_PRODUCTS_DIR; };
		76B186A0BA11443C8E3B0F2D /* Pods.debug.xcconfig */ = {isa = PBXFileReference; includeInIndex = 1; lastKnownFileType = text.xcconfig; name = Pods.debug.xcconfig; path = "Pods/Target Support Files/Pods/Pods.debug.xcconfig"; sourceTree = "<group>"; };
/* End PBXFileReference section */

/* Begin PBXFrameworksBuildPhase section */
		0F547C561D13857600D8D283 /* Frameworks */ = {
			isa = PBXFrameworksBuildPhase;
			buildActionMask = 2147483647;
			files = (
				7418AFB517C51B70A7C8C9FA /* libPods.a in Frameworks */,
			);
			runOnlyForDeploymentPostprocessing = 0;
		};
		0F547C6F1D13857600D8D283 /* Frameworks */ = {
			isa = PBXFrameworksBuildPhase;
			buildActionMask = 2147483647;
			files = (
			);
			runOnlyForDeploymentPostprocessing = 0;
		};
		0F547C7A1D13857600D8D283 /* Frameworks */ = {
			isa = PBXFrameworksBuildPhase;
			buildActionMask = 2147483647;
			files = (
			);
			runOnlyForDeploymentPostprocessing = 0;
		};
/* End PBXFrameworksBuildPhase section */

/* Begin PBXGroup section */
		0F547C501D13857600D8D283 = {
			isa = PBXGroup;
			children = (
				0F547C5B1D13857600D8D283 /* AFN */,
				0F547C751D13857600D8D283 /* AFNTests */,
				0F547C801D13857600D8D283 /* AFNUITests */,
				0F547C5A1D13857600D8D283 /* Products */,
				68E4810963E2B98E037A6817 /* Pods */,
				AEC9315E0574EDC2170B3472 /* Frameworks */,
			);
			sourceTree = "<group>";
		};
		0F547C5A1D13857600D8D283 /* Products */ = {
			isa = PBXGroup;
			children = (
				0F547C591D13857600D8D283 /* AFN.app */,
				0F547C721D13857600D8D283 /* AFNTests.xctest */,
				0F547C7D1D13857600D8D283 /* AFNUITests.xctest */,
			);
			name = Products;
			sourceTree = "<group>";
		};
		0F547C5B1D13857600D8D283 /* AFN */ = {
			isa = PBXGroup;
			children = (
				0F547C8F1D1387C200D8D283 /* AFNHelper.h */,
				0F547C901D1387C200D8D283 /* AFNHelper.m */,
				0F547C5F1D13857600D8D283 /* AppDelegate.h */,
				0F547C601D13857600D8D283 /* AppDelegate.m */,
				0F547C651D13857600D8D283 /* Main.storyboard */,
				0F547C681D13857600D8D283 /* Assets.xcassets */,
				0F547C6A1D13857600D8D283 /* LaunchScreen.storyboard */,
				0F547C6D1D13857600D8D283 /* Info.plist */,
				0F547C5C1D13857600D8D283 /* Supporting Files */,
				0F547CD11D13907200D8D283 /* TableViewController.h */,
				0F547CD21D13907200D8D283 /* TableViewController.m */,
			);
			path = AFN;
			sourceTree = "<group>";
		};
		0F547C5C1D13857600D8D283 /* Supporting Files */ = {
			isa = PBXGroup;
			children = (
				0F547C5D1D13857600D8D283 /* main.m */,
			);
			name = "Supporting Files";
			sourceTree = "<group>";
		};
		0F547C751D13857600D8D283 /* AFNTests */ = {
			isa = PBXGroup;
			children = (
				0F547C761D13857600D8D283 /* AFNTests.m */,
				0F547C781D13857600D8D283 /* Info.plist */,
			);
			path = AFNTests;
			sourceTree = "<group>";
		};
		0F547C801D13857600D8D283 /* AFNUITests */ = {
			isa = PBXGroup;
			children = (
				0F547C811D13857600D8D283 /* AFNUITests.m */,
				0F547C831D13857600D8D283 /* Info.plist */,
			);
			path = AFNUITests;
			sourceTree = "<group>";
		};
		68E4810963E2B98E037A6817 /* Pods */ = {
			isa = PBXGroup;
			children = (
				76B186A0BA11443C8E3B0F2D /* Pods.debug.xcconfig */,
				0FC21BC001A9714381AD32FD /* Pods.release.xcconfig */,
			);
			name = Pods;
			sourceTree = "<group>";
		};
		AEC9315E0574EDC2170B3472 /* Frameworks */ = {
			isa = PBXGroup;
			children = (
				1185AB2BA5C93C214BE6F973 /* libPods.a */,
			);
			name = Frameworks;
			sourceTree = "<group>";
		};
/* End PBXGroup section */

/* Begin PBXNativeTarget section */
		0F547C581D13857600D8D283 /* AFN */ = {
			isa = PBXNativeTarget;
			buildConfigurationList = 0F547C861D13857600D8D283 /* Build configuration list for PBXNativeTarget "AFN" */;
			buildPhases = (
				D8B52A42965C6469E42B1375 /* Check Pods Manifest.lock */,
				0F547C551D13857600D8D283 /* Sources */,
				0F547C561D13857600D8D283 /* Frameworks */,
				0F547C571D13857600D8D283 /* Resources */,
				F98CE2BC2904FCE042BBEAA7 /* Embed Pods Frameworks */,
				BEB0924B6AF4EC1359B7C7FC /* Copy Pods Resources */,
			);
			buildRules = (
			);
			dependencies = (
			);
			name = AFN;
			productName = AFN;
			productReference = 0F547C591D13857600D8D283 /* AFN.app */;
			productType = "com.apple.product-type.application";
		};
		0F547C711D13857600D8D283 /* AFNTests */ = {
			isa = PBXNativeTarget;
			buildConfigurationList = 0F547C891D13857600D8D283 /* Build configuration list for PBXNativeTarget "AFNTests" */;
			buildPhases = (
				0F547C6E1D13857600D8D283 /* Sources */,
				0F547C6F1D13857600D8D283 /* Frameworks */,
				0F547C701D13857600D8D283 /* Resources */,
			);
			buildRules = (
			);
			dependencies = (
				0F547C741D13857600D8D283 /* PBXTargetDependency */,
			);
			name = AFNTests;
			productName = AFNTests;
			productReference = 0F547C721D13857600D8D283 /* AFNTests.xctest */;
			productType = "com.apple.product-type.bundle.unit-test";
		};
		0F547C7C1D13857600D8D283 /* AFNUITests */ = {
			isa = PBXNativeTarget;
			buildConfigurationList = 0F547C8C1D13857600D8D283 /* Build configuration list for PBXNativeTarget "AFNUITests" */;
			buildPhases = (
				0F547C791D13857600D8D283 /* Sources */,
				0F547C7A1D13857600D8D283 /* Frameworks */,
				0F547C7B1D13857600D8D283 /* Resources */,
			);
			buildRules = (
			);
			dependencies = (
				0F547C7F1D13857600D8D283 /* PBXTargetDependency */,
			);
			name = AFNUITests;
			productName = AFNUITests;
			productReference = 0F547C7D1D13857600D8D283 /* AFNUITests.xctest */;
			productType = "com.apple.product-type.bundle.ui-testing";
		};
/* End PBXNativeTarget section */

/* Begin PBXProject section */
		0F547C511D13857600D8D283 /* Project object */ = {
			isa = PBXProject;
			attributes = {
				LastUpgradeCheck = 0730;
				ORGANIZATIONNAME = luan;
				TargetAttributes = {
					0F547C581D13857600D8D283 = {
						CreatedOnToolsVersion = 7.3.1;
						DevelopmentTeam = JLGYWM7MP8;
					};
					0F547C711D13857600D8D283 = {
						CreatedOnToolsVersion = 7.3.1;
						DevelopmentTeam = JLGYWM7MP8;
						TestTargetID = 0F547C581D13857600D8D283;
					};
					0F547C7C1D13857600D8D283 = {
						CreatedOnToolsVersion = 7.3.1;
						DevelopmentTeam = JLGYWM7MP8;
						TestTargetID = 0F547C581D13857600D8D283;
					};
				};
			};
			buildConfigurationList = 0F547C541D13857600D8D283 /* Build configuration list for PBXProject "AFN" */;
			compatibilityVersion = "Xcode 3.2";
			developmentRegion = English;
			hasScannedForEncodings = 0;
			knownRegions = (
				en,
				Base,
			);
			mainGroup = 0F547C501D13857600D8D283;
			productRefGroup = 0F547C5A1D13857600D8D283 /* Products */;
			projectDirPath = "";
			projectRoot = "";
			targets = (
				0F547C581D13857600D8D283 /* AFN */,
				0F547C711D13857600D8D283 /* AFNTests */,
				0F547C7C1D13857600D8D283 /* AFNUITests */,
			);
		};
/* End PBXProject section */

/* Begin PBXResourcesBuildPhase section */
		0F547C571D13857600D8D283 /* Resources */ = {
			isa = PBXResourcesBuildPhase;
			buildActionMask = 2147483647;
			files = (
				0F547C6C1D13857600D8D283 /* LaunchScreen.storyboard in Resources */,
				0F547C691D13857600D8D283 /* Assets.xcassets in Resources */,
				0F547C671D13857600D8D283 /* Main.storyboard in Resources */,
			);
			runOnlyForDeploymentPostprocessing = 0;
		};
		0F547C701D13857600D8D283 /* Resources */ = {
			isa = PBXResourcesBuildPhase;
			buildActionMask = 2147483647;
			files = (
			);
			runOnlyForDeploymentPostprocessing = 0;
		};
		0F547C7B1D13857600D8D283 /* Resources */ = {
			isa = PBXResourcesBuildPhase;
			buildActionMask = 2147483647;
			files = (
			);
			runOnlyForDeploymentPostprocessing = 0;
		};
/* End PBXResourcesBuildPhase section */

/* Begin PBXShellScriptBuildPhase section */
		BEB0924B6AF4EC1359B7C7FC /* Copy Pods Resources */ = {
			isa = PBXShellScriptBuildPhase;
			buildActionMask = 2147483647;
			files = (
			);
			inputPaths = (
			);
			name = "Copy Pods Resources";
			outputPaths = (
			);
			runOnlyForDeploymentPostprocessing = 0;
			shellPath = /bin/sh;
			shellScript = "\"${SRCROOT}/Pods/Target Support Files/Pods/Pods-resources.sh\"\n";
			showEnvVarsInLog = 0;
		};
		D8B52A42965C6469E42B1375 /* Check Pods Manifest.lock */ = {
			isa = PBXShellScriptBuildPhase;
			buildActionMask = 2147483647;
			files = (
			);
			inputPaths = (
			);
			name = "Check Pods Manifest.lock";
			outputPaths = (
			);
			runOnlyForDeploymentPostprocessing = 0;
			shellPath = /bin/sh;
			shellScript = "diff \"${PODS_ROOT}/../Podfile.lock\" \"${PODS_ROOT}/Manifest.lock\" > /dev/null\nif [[ $? != 0 ]] ; then\n    cat << EOM\nerror: The sandbox is not in sync with the Podfile.lock. Run 'pod install' or update your CocoaPods installation.\nEOM\n    exit 1\nfi\n";
			showEnvVarsInLog = 0;
		};
		F98CE2BC2904FCE042BBEAA7 /* Embed Pods Frameworks */ = {
			isa = PBXShellScriptBuildPhase;
			buildActionMask = 2147483647;
			files = (
			);
			inputPaths = (
			);
			name = "Embed Pods Frameworks";
			outputPaths = (
			);
			runOnlyForDeploymentPostprocessing = 0;
			shellPath = /bin/sh;
			shellScript = "\"${SRCROOT}/Pods/Target Support Files/Pods/Pods-frameworks.sh\"\n";
			showEnvVarsInLog = 0;
		};
/* End PBXShellScriptBuildPhase section */

/* Begin PBXSourcesBuildPhase section */
		0F547C551D13857600D8D283 /* Sources */ = {
			isa = PBXSourcesBuildPhase;
			buildActionMask = 2147483647;
			files = (
				0F547C611D13857600D8D283 /* AppDelegate.m in Sources */,
				0F547C5E1D13857600D8D283 /* main.m in Sources */,
				0F547CD31D13907200D8D283 /* TableViewController.m in Sources */,
				0F547C911D1387C200D8D283 /* AFNHelper.m in Sources */,
			);
			runOnlyForDeploymentPostprocessing = 0;
		};
		0F547C6E1D13857600D8D283 /* Sources */ = {
			isa = PBXSourcesBuildPhase;
			buildActionMask = 2147483647;
			files = (
				0F547C771D13857600D8D283 /* AFNTests.m in Sources */,
			);
			runOnlyForDeploymentPostprocessing = 0;
		};
		0F547C791D13857600D8D283 /* Sources */ = {
			isa = PBXSourcesBuildPhase;
			buildActionMask = 2147483647;
			files = (
				0F547C821D13857600D8D283 /* AFNUITests.m in Sources */,
			);
			runOnlyForDeploymentPostprocessing = 0;
		};
/* End PBXSourcesBuildPhase section */

/* Begin PBXTargetDependency section */
		0F547C741D13857600D8D283 /* PBXTargetDependency */ = {
			isa = PBXTargetDependency;
			target = 0F547C581D13857600D8D283 /* AFN */;
			targetProxy = 0F547C731D13857600D8D283 /* PBXContainerItemProxy */;
		};
		0F547C7F1D13857600D8D283 /* PBXTargetDependency */ = {
			isa = PBXTargetDependency;
			target = 0F547C581D13857600D8D283 /* AFN */;
			targetProxy = 0F547C7E1D13857600D8D283 /* PBXContainerItemProxy */;
		};
/* End PBXTargetDependency section */

/* Begin PBXVariantGroup section */
		0F547C651D13857600D8D283 /* Main.storyboard */ = {
			isa = PBXVariantGroup;
			children = (
				0F547C661D13857600D8D283 /* Base */,
			);
			name = Main.storyboard;
			sourceTree = "<group>";
		};
		0F547C6A1D13857600D8D283 /* LaunchScreen.storyboard */ = {
			isa = PBXVariantGroup;
			children = (
				0F547C6B1D13857600D8D283 /* Base */,
			);
			name = LaunchScreen.storyboard;
			sourceTree = "<group>";
		};
/* End PBXVariantGroup section */

/* Begin XCBuildConfiguration section */
		0F547C841D13857600D8D283 /* Debug */ = {
			isa = XCBuildConfiguration;
			buildSettings = {
				ALWAYS_SEARCH_USER_PATHS = NO;
				CLANG_ANALYZER_NONNULL = YES;
				CLANG_CXX_LANGUAGE_STANDARD = "gnu++0x";
				CLANG_CXX_LIBRARY = "libc++";
				CLANG_ENABLE_MODULES = YES;
				CLANG_ENABLE_OBJC_ARC = YES;
				CLANG_WARN_BOOL_CONVERSION = YES;
				CLANG_WARN_CONSTANT_CONVERSION = YES;
				CLANG_WARN_DIRECT_OBJC_ISA_USAGE = YES_ERROR;
				CLANG_WARN_EMPTY_BODY = YES;
				CLANG_WARN_ENUM_CONVERSION = YES;
				CLANG_WARN_INT_CONVERSION = YES;
				CLANG_WARN_OBJC_ROOT_CLASS = YES_ERROR;
				CLANG_WARN_UNREACHABLE_CODE = YES;
				CLANG_WARN__DUPLICATE_METHOD_MATCH = YES;
				"CODE_SIGN_IDENTITY[sdk=iphoneos*]" = "iPhone Developer";
				COPY_PHASE_STRIP = NO;
				DEBUG_INFORMATION_FORMAT = dwarf;
				ENABLE_STRICT_OBJC_MSGSEND = YES;
				ENABLE_TESTABILITY = YES;
				GCC_C_LANGUAGE_STANDARD = gnu99;
				GCC_DYNAMIC_NO_PIC = NO;
				GCC_NO_COMMON_BLOCKS = YES;
				GCC_OPTIMIZATION_LEVEL = 0;
				GCC_PREPROCESSOR_DEFINITIONS = (
					"DEBUG=1",
					"$(inherited)",
				);
				GCC_WARN_64_TO_32_BIT_CONVERSION = YES;
				GCC_WARN_ABOUT_RETURN_TYPE = YES_ERROR;
				GCC_WARN_UNDECLARED_SELECTOR = YES;
				GCC_WARN_UNINITIALIZED_AUTOS = YES_AGGRESSIVE;
				GCC_WARN_UNUSED_FUNCTION = YES;
				GCC_WARN_UNUSED_VARIABLE = YES;
				IPHONEOS_DEPLOYMENT_TARGET = 9.3;
				MTL_ENABLE_DEBUG_INFO = YES;
				ONLY_ACTIVE_ARCH = YES;
				SDKROOT = iphoneos;
				TARGETED_DEVICE_FAMILY = "1,2";
			};
			name = Debug;
		};
		0F547C851D13857600D8D283 /* Release */ = {
			isa = XCBuildConfiguration;
			buildSettings = {
				ALWAYS_SEARCH_USER_PATHS = NO;
				CLANG_ANALYZER_NONNULL = YES;
				CLANG_CXX_LANGUAGE_STANDARD = "gnu++0x";
				CLANG_CXX_LIBRARY = "libc++";
				CLANG_ENABLE_MODULES = YES;
				CLANG_ENABLE_OBJC_ARC = YES;
				CLANG_WARN_BOOL_CONVERSION = YES;
				CLANG_WARN_CONSTANT_CONVERSION = YES;
				CLANG_WARN_DIRECT_OBJC_ISA_USAGE = YES_ERROR;
				CLANG_WARN_EMPTY_BODY = YES;
				CLANG_WARN_ENUM_CONVERSION = YES;
				CLANG_WARN_INT_CONVERSION = YES;
				CLANG_WARN_OBJC_ROOT_CLASS = YES_ERROR;
				CLANG_WARN_UNREACHABLE_CODE = YES;
				CLANG_WARN__DUPLICATE_METHOD_MATCH = YES;
				"CODE_SIGN_IDENTITY[sdk=iphoneos*]" = "iPhone Developer";
				COPY_PHASE_STRIP = NO;
				DEBUG_INFORMATION_FORMAT = "dwarf-with-dsym";
				ENABLE_NS_ASSERTIONS = NO;
				ENABLE_STRICT_OBJC_MSGSEND = YES;
				GCC_C_LANGUAGE_STANDARD = gnu99;
				GCC_NO_COMMON_BLOCKS = YES;
				GCC_WARN_64_TO_32_BIT_CONVERSION = YES;
				GCC_WARN_ABOUT_RETURN_TYPE = YES_ERROR;
				GCC_WARN_UNDECLARED_SELECTOR = YES;
				GCC_WARN_UNINITIALIZED_AUTOS = YES_AGGRESSIVE;
				GCC_WARN_UNUSED_FUNCTION = YES;
				GCC_WARN_UNUSED_VARIABLE = YES;
				IPHONEOS_DEPLOYMENT_TARGET = 9.3;
				MTL_ENABLE_DEBUG_INFO = NO;
				SDKROOT = iphoneos;
				TARGETED_DEVICE_FAMILY = "1,2";
				VALIDATE_PRODUCT = YES;
			};
			name = Release;
		};
		0F547C871D13857600D8D283 /* Debug */ = {
			isa = XCBuildConfiguration;
			baseConfigurationReference = 76B186A0BA11443C8E3B0F2D /* Pods.debug.xcconfig */;
			buildSettings = {
				ASSETCATALOG_COMPILER_APPICON_NAME = AppIcon;
				INFOPLIST_FILE = AFN/Info.plist;
				LD_RUNPATH_SEARCH_PATHS = "$(inherited) @executable_path/Frameworks";
				PRODUCT_BUNDLE_IDENTIFIER = com.sweet.home.AFN;
				PRODUCT_NAME = "$(TARGET_NAME)";
			};
			name = Debug;
		};
		0F547C881D13857600D8D283 /* Release */ = {
			isa = XCBuildConfiguration;
			baseConfigurationReference = 0FC21BC001A9714381AD32FD /* Pods.release.xcconfig */;
			buildSettings = {
				ASSETCATALOG_COMPILER_APPICON_NAME = AppIcon;
				INFOPLIST_FILE = AFN/Info.plist;
				LD_RUNPATH_SEARCH_PATHS = "$(inherited) @executable_path/Frameworks";
				PRODUCT_BUNDLE_IDENTIFIER = com.sweet.home.AFN;
				PRODUCT_NAME = "$(TARGET_NAME)";
			};
			name = Release;
		};
		0F547C8A1D13857600D8D283 /* Debug */ = {
			isa = XCBuildConfiguration;
			buildSettings = {
				BUNDLE_LOADER = "$(TEST_HOST)";
				INFOPLIST_FILE = AFNTests/Info.plist;
				LD_RUNPATH_SEARCH_PATHS = "$(inherited) @executable_path/Frameworks @loader_path/Frameworks";
				PRODUCT_BUNDLE_IDENTIFIER = com.sweet.home.AFNTests;
				PRODUCT_NAME = "$(TARGET_NAME)";
				TEST_HOST = "$(BUILT_PRODUCTS_DIR)/AFN.app/AFN";
			};
			name = Debug;
		};
		0F547C8B1D13857600D8D283 /* Release */ = {
			isa = XCBuildConfiguration;
			buildSettings = {
				BUNDLE_LOADER = "$(TEST_HOST)";
				INFOPLIST_FILE = AFNTests/Info.plist;
				LD_RUNPATH_SEARCH_PATHS = "$(inherited) @executable_path/Frameworks @loader_path/Frameworks";
				PRODUCT_BUNDLE_IDENTIFIER = com.sweet.home.AFNTests;
				PRODUCT_NAME = "$(TARGET_NAME)";
				TEST_HOST = "$(BUILT_PRODUCTS_DIR)/AFN.app/AFN";
			};
			name = Release;
		};
		0F547C8D1D13857600D8D283 /* Debug */ = {
			isa = XCBuildConfiguration;
			buildSettings = {
				INFOPLIST_FILE = AFNUITests/Info.plist;
				LD_RUNPATH_SEARCH_PATHS = "$(inherited) @executable_path/Frameworks @loader_path/Frameworks";
				PRODUCT_BUNDLE_IDENTIFIER = com.sweet.home.AFNUITests;
				PRODUCT_NAME = "$(TARGET_NAME)";
				TEST_TARGET_NAME = AFN;
			};
			name = Debug;
		};
		0F547C8E1D13857600D8D283 /* Release */ = {
			isa = XCBuildConfiguration;
			buildSettings = {
				INFOPLIST_FILE = AFNUITests/Info.plist;
				LD_RUNPATH_SEARCH_PATHS = "$(inherited) @executable_path/Frameworks @loader_path/Frameworks";
				PRODUCT_BUNDLE_IDENTIFIER = com.sweet.home.AFNUITests;
				PRODUCT_NAME = "$(TARGET_NAME)";
				TEST_TARGET_NAME = AFN;
			};
			name = Release;
		};
/* End XCBuildConfiguration section */

/* Begin XCConfigurationList section */
		0F547C541D13857600D8D283 /* Build configuration list for PBXProject "AFN" */ = {
			isa = XCConfigurationList;
			buildConfigurations = (
				0F547C841D13857600D8D283 /* Debug */,
				0F547C851D13857600D8D283 /* Release */,
			);
			defaultConfigurationIsVisible = 0;
			defaultConfigurationName = Release;
		};
		0F547C861D13857600D8D283 /* Build configuration list for PBXNativeTarget "AFN" */ = {
			isa = XCConfigurationList;
			buildConfigurations = (
				0F547C871D13857600D8D283 /* Debug */,
				0F547C881D13857600D8D283 /* Release */,
			);
			defaultConfigurationIsVisible = 0;
			defaultConfigurationName = Release;
		};
		0F547C891D13857600D8D283 /* Build configuration list for PBXNativeTarget "AFNTests" */ = {
			isa = XCConfigurationList;
			buildConfigurations = (
				0F547C8A1D13857600D8D283 /* Debug */,
				0F547C8B1D13857600D8D283 /* Release */,
			);
			defaultConfigurationIsVisible = 0;
			defaultConfigurationName = Release;
		};
		0F547C8C1D13857600D8D283 /* Build configuration list for PBXNativeTarget "AFNUITests" */ = {
			isa = XCConfigurationList;
			buildConfigurations = (
				0F547C8D1D13857600D8D283 /* Debug */,
				0F547C8E1D13857600D8D283 /* Release */,
			);
			defaultConfigurationIsVisible = 0;
			defaultConfigurationName = Release;
		};
/* End XCConfigurationList section */
	};
	rootObject = 0F547C511D13857600D8D283 /* Project object */;
}
